<?xml version="1.0"?>
<CONFIG>
  <ProjectOptions>
    <PathDelim Value="/"/>
    <Version Value="6"/>
    <General>
      <MainUnit Value="0"/>
      <AutoCreateForms Value="False"/>
      <IconPath Value="./"/>
      <TargetFileExt Value=""/>
      <UseXPManifest Value="True"/>
      <ActiveEditorIndexAtStart Value="1"/>
    </General>
    <VersionInfo>
      <ProjectVersion Value=""/>
    </VersionInfo>
    <PublishOptions>
      <Version Value="2"/>
      <IgnoreBinaries Value="False"/>
      <IncludeFileFilter Value="*.(pas|pp|inc|lfm|lpr|lrs|lpi|lpk|sh|xml)"/>
      <ExcludeFileFilter Value="*.(bak|ppu|ppw|o|so);*~;backup"/>
    </PublishOptions>
    <RunParams>
      <local>
        <FormatVersion Value="1"/>
        <LaunchingApplication PathPlusParams="/usr/X11R6/bin/xterm -T 'Lazarus Run Output' -e $(LazarusDir)/tools/runwait.sh $(TargetCmdLine)"/>
      </local>
    </RunParams>
    <RequiredPackages Count="1">
      <Item1>
        <PackageName Value="LCL"/>
      </Item1>
    </RequiredPackages>
    <Units Count="2">
      <Unit0>
        <Filename Value="example.lpr"/>
        <IsPartOfProject Value="True"/>
        <UnitName Value="example"/>
        <CursorPos X="33" Y="21"/>
        <TopLine Value="1"/>
        <EditorIndex Value="1"/>
        <UsageCount Value="21"/>
        <Loaded Value="True"/>
      </Unit0>
      <Unit1>
        <Filename Value="UnitMainForm.pas"/>
        <ComponentName Value="MainForm"/>
        <IsPartOfProject Value="True"/>
        <ResourceBaseClass Value="Form"/>
        <ResourceFilename Value="UnitMainForm.lrs"/>
        <UnitName Value="UnitMainForm"/>
        <CursorPos X="18" Y="47"/>
        <TopLine Value="1"/>
        <EditorIndex Value="0"/>
        <UsageCount Value="21"/>
        <Loaded Value="True"/>
      </Unit1>
    </Units>
    <JumpHistory Count="8" HistoryIndex="7">
      <Position1>
        <Filename Value="UnitMainForm.pas"/>
        <Caret Line="3" Column="1" TopLine="1"/>
      </Position1>
      <Position2>
        <Filename Value="UnitMainForm.pas"/>
        <Caret Line="18" Column="3" TopLine="1"/>
      </Position2>
      <Position3>
        <Filename Value="UnitMainForm.pas"/>
        <Caret Line="20" Column="26" TopLine="1"/>
      </Position3>
      <Position4>
        <Filename Value="UnitMainForm.pas"/>
        <Caret Line="21" Column="18" TopLine="1"/>
      </Position4>
      <Position5>
        <Filename Value="UnitMainForm.pas"/>
        <Caret Line="20" Column="19" TopLine="1"/>
      </Position5>
      <Position6>
        <Filename Value="UnitMainForm.pas"/>
        <Caret Line="26" Column="52" TopLine="14"/>
      </Position6>
      <Position7>
        <Filename Value="example.lpr"/>
        <Caret Line="26" Column="45" TopLine="1"/>
      </Position7>
      <Position8>
        <Filename Value="UnitMainForm.pas"/>
        <Caret Line="30" Column="5" TopLine="24"/>
      </Position8>
    </JumpHistory>
  </ProjectOptions>
  <CompilerOptions>
    <Version Value="8"/>
    <SearchPaths>
      <IncludeFiles Value="$(ProjOutDir)/"/>
      <OtherUnitFiles Value="../../lib/"/>
    </SearchPaths>
    <Parsing>
      <SyntaxOptions>
        <CStyleOperator Value="False"/>
      </SyntaxOptions>
    </Parsing>
    <Linking>
      <Options>
        <Win32>
          <GraphicApplication Value="True"/>
        </Win32>
      </Options>
    </Linking>
    <Other>
      <CompilerPath Value="$(CompPath)"/>
    </Other>
  </CompilerOptions>
  <Debugging>
    <Exceptions Count="3">
      <Item1>
        <Name Value="EAbort"/>
      </Item1>
      <Item2>
        <Name Value="ECodetoolError"/>
      </Item2>
      <Item3>
        <Name Value="EFOpenError"/>
      </Item3>
    </Exceptions>
  </Debugging>
</CONFIG>
