<?xml version="1.0" encoding="UTF-8"?>
<CONFIG>
  <ProjectOptions>
    <Version Value="10"/>
    <General>
      <Flags>
        <MainUnitHasUsesSectionForAllUnits Value="False"/>
        <MainUnitHasCreateFormStatements Value="False"/>
        <MainUnitHasTitleStatement Value="False"/>
        <LRSInOutputDirectory Value="False"/>
      </Flags>
      <SessionStorage Value="InProjectDir"/>
      <MainUnit Value="0"/>
      <AutoCreateForms Value="False"/>
      <Title Value="pascaleroids"/>
      <UseAppBundle Value="False"/>
      <ResourceType Value="res"/>
    </General>
    <i18n>
      <EnableI18N LFM="False"/>
    </i18n>
    <BuildModes Count="1">
      <Item1 Name="Default" Default="True"/>
    </BuildModes>
    <PublishOptions>
      <Version Value="2"/>
    </PublishOptions>
    <RunParams>
      <local>
        <FormatVersion Value="1"/>
      </local>
    </RunParams>
    <Units Count="10">
      <Unit0>
        <Filename Value="../pascaleroids.pas"/>
        <IsPartOfProject Value="True"/>
      </Unit0>
      <Unit1>
        <Filename Value="../configuration.pas"/>
        <IsPartOfProject Value="True"/>
        <UnitName Value="Configuration"/>
      </Unit1>
      <Unit2>
        <Filename Value="../gamemath.pas"/>
        <IsPartOfProject Value="True"/>
        <UnitName Value="GameMath"/>
      </Unit2>
      <Unit3>
        <Filename Value="../graphics.pas"/>
        <IsPartOfProject Value="True"/>
        <UnitName Value="Graphics"/>
      </Unit3>
      <Unit4>
        <Filename Value="../gamemanager.pas"/>
        <IsPartOfProject Value="True"/>
        <UnitName Value="GameManager"/>
      </Unit4>
      <Unit5>
        <Filename Value="../engine.pas"/>
        <IsPartOfProject Value="True"/>
        <UnitName Value="Engine"/>
      </Unit5>
      <Unit6>
        <Filename Value="../asteroids.pas"/>
        <IsPartOfProject Value="True"/>
        <UnitName Value="Asteroids"/>
      </Unit6>
      <Unit7>
        <Filename Value="../enemies.pas"/>
        <IsPartOfProject Value="True"/>
        <UnitName Value="Enemies"/>
      </Unit7>
      <Unit8>
        <Filename Value="../player.pas"/>
        <IsPartOfProject Value="True"/>
        <UnitName Value="Player"/>
      </Unit8>
      <Unit9>
        <Filename Value="../input.pas"/>
        <IsPartOfProject Value="True"/>
        <UnitName Value="Input"/>
      </Unit9>
    </Units>
  </ProjectOptions>
  <CompilerOptions>
    <Version Value="11"/>
    <Target>
      <Filename Value="../../../../bin/demos/pascaleroids/pascaleroids"/>
    </Target>
    <SearchPaths>
      <IncludeFiles Value="$(ProjOutDir)"/>
      <OtherUnitFiles Value="../../../lib"/>
      <UnitOutputDirectory Value="lib/$(TargetCPU)-$(TargetOS)"/>
    </SearchPaths>
    <Parsing>
      <SyntaxOptions>
        <CStyleOperator Value="False"/>
        <AllowLabel Value="False"/>
        <CStyleMacros Value="True"/>
      </SyntaxOptions>
    </Parsing>
    <CodeGeneration>
      <SmartLinkUnit Value="True"/>
    </CodeGeneration>
    <Linking>
      <Debugging>
        <StripSymbols Value="True"/>
      </Debugging>
      <LinkSmart Value="True"/>
      <Options>
        <Win32>
          <GraphicApplication Value="True"/>
        </Win32>
      </Options>
    </Linking>
  </CompilerOptions>
  <Debugging>
    <Exceptions Count="3">
      <Item1>
        <Name Value="EAbort"/>
      </Item1>
      <Item2>
        <Name Value="ECodetoolError"/>
      </Item2>
      <Item3>
        <Name Value="EFOpenError"/>
      </Item3>
    </Exceptions>
  </Debugging>
</CONFIG>
